
Microsoft Visual Studio Solution File, Format Version 12.00
# Visual Studio Version 17
VisualStudioVersion = 17.5.33627.172
MinimumVisualStudioVersion = 10.0.40219.1
Project("{FAE04EC0-301F-11D3-BF4B-00C04F79EFBC}") = "MatrixMath", "MatrixMath.csproj", "{9D61AB6B-10DA-4A8C-9D14-1186E97D8BAC}"
EndProject
Global
	GlobalSection(SolutionConfigurationPlatforms) = preSolution
		Debug|Any CPU = Debug|Any CPU
		Release|Any CPU = Release|Any CPU
	EndGlobalSection
	GlobalSection(ProjectConfigurationPlatforms) = postSolution
		{9D61AB6B-10DA-4A8C-9D14-1186E97D8BAC}.Debug|Any CPU.ActiveCfg = Debug|Any CPU
		{9D61AB6B-10DA-4A8C-9D14-1186E97D8BAC}.Debug|Any CPU.Build.0 = Debug|Any CPU
		{9D61AB6B-10DA-4A8C-9D14-1186E97D8BAC}.Release|Any CPU.ActiveCfg = Release|Any CPU
		{9D61AB6B-10DA-4A8C-9D14-1186E97D8BAC}.Release|Any CPU.Build.0 = Release|Any CPU
	EndGlobalSection
	GlobalSection(SolutionProperties) = preSolution
		HideSolutionNode = FALSE
	EndGlobalSection
	GlobalSection(ExtensibilityGlobals) = postSolution
		SolutionGuid = {9C01B8C6-AF4F-4D9D-9E7C-52CB18CBD68B}
	EndGlobalSection
EndGlobal
